
Microsoft Visual Studio Solution File, Format Version 12.00
# Visual Studio Version 17
VisualStudioVersion = 17.3.32901.215
MinimumVisualStudioVersion = 10.0.40219.1
Project("{9A19103F-16F7-4668-BE54-9A1E7A4F7556}") = "Oef1", "Oef1\Oef1.csproj", "{A3C551BE-5FD2-4FFC-ADE9-95785FE14D35}"
EndProject
Project("{9A19103F-16F7-4668-BE54-9A1E7A4F7556}") = "oefening2", "oefening2\oefening2.csproj", "{05351118-52C9-4767-9DFC-419628EADF2D}"
EndProject
Project("{FAE04EC0-301F-11D3-BF4B-00C04F79EFBC}") = "Oefening3", "Oefening3\Oefening3.csproj", "{3D381B4E-A567-43E3-BE5B-0B82BF809076}"
EndProject
Project("{9A19103F-16F7-4668-BE54-9A1E7A4F7556}") = "Oefening4", "Oefening4\Oefening4.csproj", "{7EBD426F-226E-43F2-9E7E-790CBF1B387A}"
EndProject
Project("{9A19103F-16F7-4668-BE54-9A1E7A4F7556}") = "Oefening5", "Oefening5\Oefening5.csproj", "{8737B72C-81B8-45BA-96F7-7A6438194B6D}"
EndProject
Project("{9A19103F-16F7-4668-BE54-9A1E7A4F7556}") = "Oefening6", "Oefening6\Oefening6.csproj", "{DCF0D78B-3A96-4E5D-A4C1-07AD5A9DDA64}"
EndProject
Project("{9A19103F-16F7-4668-BE54-9A1E7A4F7556}") = "Oefening7", "Oefening7\Oefening7.csproj", "{FDACCC47-829F-40F6-B761-F4A5ED5ECB85}"
EndProject
Global
	GlobalSection(SolutionConfigurationPlatforms) = preSolution
		Debug|Any CPU = Debug|Any CPU
		Release|Any CPU = Release|Any CPU
	EndGlobalSection
	GlobalSection(ProjectConfigurationPlatforms) = postSolution
		{A3C551BE-5FD2-4FFC-ADE9-95785FE14D35}.Debug|Any CPU.ActiveCfg = Debug|Any CPU
		{A3C551BE-5FD2-4FFC-ADE9-95785FE14D35}.Debug|Any CPU.Build.0 = Debug|Any CPU
		{A3C551BE-5FD2-4FFC-ADE9-95785FE14D35}.Release|Any CPU.ActiveCfg = Release|Any CPU
		{A3C551BE-5FD2-4FFC-ADE9-95785FE14D35}.Release|Any CPU.Build.0 = Release|Any CPU
		{05351118-52C9-4767-9DFC-419628EADF2D}.Debug|Any CPU.ActiveCfg = Debug|Any CPU
		{05351118-52C9-4767-9DFC-419628EADF2D}.Debug|Any CPU.Build.0 = Debug|Any CPU
		{05351118-52C9-4767-9DFC-419628EADF2D}.Release|Any CPU.ActiveCfg = Release|Any CPU
		{05351118-52C9-4767-9DFC-419628EADF2D}.Release|Any CPU.Build.0 = Release|Any CPU
		{3D381B4E-A567-43E3-BE5B-0B82BF809076}.Debug|Any CPU.ActiveCfg = Debug|Any CPU
		{3D381B4E-A567-43E3-BE5B-0B82BF809076}.Debug|Any CPU.Build.0 = Debug|Any CPU
		{3D381B4E-A567-43E3-BE5B-0B82BF809076}.Release|Any CPU.ActiveCfg = Release|Any CPU
		{3D381B4E-A567-43E3-BE5B-0B82BF809076}.Release|Any CPU.Build.0 = Release|Any CPU
		{7EBD426F-226E-43F2-9E7E-790CBF1B387A}.Debug|Any CPU.ActiveCfg = Debug|Any CPU
		{7EBD426F-226E-43F2-9E7E-790CBF1B387A}.Debug|Any CPU.Build.0 = Debug|Any CPU
		{7EBD426F-226E-43F2-9E7E-790CBF1B387A}.Release|Any CPU.ActiveCfg = Release|Any CPU
		{7EBD426F-226E-43F2-9E7E-790CBF1B387A}.Release|Any CPU.Build.0 = Release|Any CPU
		{8737B72C-81B8-45BA-96F7-7A6438194B6D}.Debug|Any CPU.ActiveCfg = Debug|Any CPU
		{8737B72C-81B8-45BA-96F7-7A6438194B6D}.Debug|Any CPU.Build.0 = Debug|Any CPU
		{8737B72C-81B8-45BA-96F7-7A6438194B6D}.Release|Any CPU.ActiveCfg = Release|Any CPU
		{8737B72C-81B8-45BA-96F7-7A6438194B6D}.Release|Any CPU.Build.0 = Release|Any CPU
		{DCF0D78B-3A96-4E5D-A4C1-07AD5A9DDA64}.Debug|Any CPU.ActiveCfg = Debug|Any CPU
		{DCF0D78B-3A96-4E5D-A4C1-07AD5A9DDA64}.Debug|Any CPU.Build.0 = Debug|Any CPU
		{DCF0D78B-3A96-4E5D-A4C1-07AD5A9DDA64}.Release|Any CPU.ActiveCfg = Release|Any CPU
		{DCF0D78B-3A96-4E5D-A4C1-07AD5A9DDA64}.Release|Any CPU.Build.0 = Release|Any CPU
		{FDACCC47-829F-40F6-B761-F4A5ED5ECB85}.Debug|Any CPU.ActiveCfg = Debug|Any CPU
		{FDACCC47-829F-40F6-B761-F4A5ED5ECB85}.Debug|Any CPU.Build.0 = Debug|Any CPU
		{FDACCC47-829F-40F6-B761-F4A5ED5ECB85}.Release|Any CPU.ActiveCfg = Release|Any CPU
		{FDACCC47-829F-40F6-B761-F4A5ED5ECB85}.Release|Any CPU.Build.0 = Release|Any CPU
	EndGlobalSection
	GlobalSection(SolutionProperties) = preSolution
		HideSolutionNode = FALSE
	EndGlobalSection
	GlobalSection(ExtensibilityGlobals) = postSolution
		SolutionGuid = {9E67FD6F-8632-47A0-96AC-71E6379AA38A}
	EndGlobalSection
EndGlobal
